
Microsoft Visual Studio Solution File, Format Version 12.00
# Visual Studio Version 16
VisualStudioVersion = 16.0.30404.54
MinimumVisualStudioVersion = 10.0.40219.1
Project("{9A19103F-16F7-4668-BE54-9A1E7A4F7556}") = "OnSale.Common", "OnSale.Common\OnSale.Common.csproj", "{06897DDC-C142-43AE-A36A-A1EBEBDC4C3B}"
EndProject
Project("{9A19103F-16F7-4668-BE54-9A1E7A4F7556}") = "OnSale.Web", "OnSale.Web\OnSale.Web.csproj", "{6C1ED235-A84E-4FDC-A03C-92EABAE4B155}"
EndProject
Project("{FAE04EC0-301F-11D3-BF4B-00C04F79EFBC}") = "Onsale.Prism", "Onsale.Prism\Onsale.Prism\Onsale.Prism.csproj", "{D45FAEEC-42F8-4D01-862C-1042D6E7FA62}"
EndProject
Project("{FAE04EC0-301F-11D3-BF4B-00C04F79EFBC}") = "Onsale.Prism.Android", "Onsale.Prism\Onsale.Prism.Android\Onsale.Prism.Android.csproj", "{0C93CA32-B82D-4AD9-B908-1861120F3174}"
EndProject
Project("{FAE04EC0-301F-11D3-BF4B-00C04F79EFBC}") = "Onsale.Prism.iOS", "Onsale.Prism\Onsale.Prism.iOS\Onsale.Prism.iOS.csproj", "{E0EEA0D6-6419-450F-B1C1-1E0550FF7CA1}"
EndProject
Global
	GlobalSection(SolutionConfigurationPlatforms) = preSolution
		Ad-Hoc|Any CPU = Ad-Hoc|Any CPU
		Ad-Hoc|iPhone = Ad-Hoc|iPhone
		Ad-Hoc|iPhoneSimulator = Ad-Hoc|iPhoneSimulator
		AppStore|Any CPU = AppStore|Any CPU
		AppStore|iPhone = AppStore|iPhone
		AppStore|iPhoneSimulator = AppStore|iPhoneSimulator
		Debug|Any CPU = Debug|Any CPU
		Debug|iPhone = Debug|iPhone
		Debug|iPhoneSimulator = Debug|iPhoneSimulator
		Release|Any CPU = Release|Any CPU
		Release|iPhone = Release|iPhone
		Release|iPhoneSimulator = Release|iPhoneSimulator
	EndGlobalSection
	GlobalSection(ProjectConfigurationPlatforms) = postSolution
		{06897DDC-C142-43AE-A36A-A1EBEBDC4C3B}.Ad-Hoc|Any CPU.ActiveCfg = Release|Any CPU
		{06897DDC-C142-43AE-A36A-A1EBEBDC4C3B}.Ad-Hoc|Any CPU.Build.0 = Release|Any CPU
		{06897DDC-C142-43AE-A36A-A1EBEBDC4C3B}.Ad-Hoc|iPhone.ActiveCfg = Release|Any CPU
		{06897DDC-C142-43AE-A36A-A1EBEBDC4C3B}.Ad-Hoc|iPhone.Build.0 = Release|Any CPU
		{06897DDC-C142-43AE-A36A-A1EBEBDC4C3B}.Ad-Hoc|iPhoneSimulator.ActiveCfg = Release|Any CPU
		{06897DDC-C142-43AE-A36A-A1EBEBDC4C3B}.Ad-Hoc|iPhoneSimulator.Build.0 = Release|Any CPU
		{06897DDC-C142-43AE-A36A-A1EBEBDC4C3B}.AppStore|Any CPU.ActiveCfg = Release|Any CPU
		{06897DDC-C142-43AE-A36A-A1EBEBDC4C3B}.AppStore|Any CPU.Build.0 = Release|Any CPU
		{06897DDC-C142-43AE-A36A-A1EBEBDC4C3B}.AppStore|iPhone.ActiveCfg = Release|Any CPU
		{06897DDC-C142-43AE-A36A-A1EBEBDC4C3B}.AppStore|iPhone.Build.0 = Release|Any CPU
		{06897DDC-C142-43AE-A36A-A1EBEBDC4C3B}.AppStore|iPhoneSimulator.ActiveCfg = Release|Any CPU
		{06897DDC-C142-43AE-A36A-A1EBEBDC4C3B}.AppStore|iPhoneSimulator.Build.0 = Release|Any CPU
		{06897DDC-C142-43AE-A36A-A1EBEBDC4C3B}.Debug|Any CPU.ActiveCfg = Debug|Any CPU
		{06897DDC-C142-43AE-A36A-A1EBEBDC4C3B}.Debug|Any CPU.Build.0 = Debug|Any CPU
		{06897DDC-C142-43AE-A36A-A1EBEBDC4C3B}.Debug|iPhone.ActiveCfg = Debug|Any CPU
		{06897DDC-C142-43AE-A36A-A1EBEBDC4C3B}.Debug|iPhone.Build.0 = Debug|Any CPU
		{06897DDC-C142-43AE-A36A-A1EBEBDC4C3B}.Debug|iPhoneSimulator.ActiveCfg = Debug|Any CPU
		{06897DDC-C142-43AE-A36A-A1EBEBDC4C3B}.Debug|iPhoneSimulator.Build.0 = Debug|Any CPU
		{06897DDC-C142-43AE-A36A-A1EBEBDC4C3B}.Release|Any CPU.ActiveCfg = Release|Any CPU
		{06897DDC-C142-43AE-A36A-A1EBEBDC4C3B}.Release|Any CPU.Build.0 = Release|Any CPU
		{06897DDC-C142-43AE-A36A-A1EBEBDC4C3B}.Release|iPhone.ActiveCfg = Release|Any CPU
		{06897DDC-C142-43AE-A36A-A1EBEBDC4C3B}.Release|iPhone.Build.0 = Release|Any CPU
		{06897DDC-C142-43AE-A36A-A1EBEBDC4C3B}.Release|iPhoneSimulator.ActiveCfg = Release|Any CPU
		{06897DDC-C142-43AE-A36A-A1EBEBDC4C3B}.Release|iPhoneSimulator.Build.0 = Release|Any CPU
		{6C1ED235-A84E-4FDC-A03C-92EABAE4B155}.Ad-Hoc|Any CPU.ActiveCfg = Release|Any CPU
		{6C1ED235-A84E-4FDC-A03C-92EABAE4B155}.Ad-Hoc|Any CPU.Build.0 = Release|Any CPU
		{6C1ED235-A84E-4FDC-A03C-92EABAE4B155}.Ad-Hoc|iPhone.ActiveCfg = Release|Any CPU
		{6C1ED235-A84E-4FDC-A03C-92EABAE4B155}.Ad-Hoc|iPhone.Build.0 = Release|Any CPU
		{6C1ED235-A84E-4FDC-A03C-92EABAE4B155}.Ad-Hoc|iPhoneSimulator.ActiveCfg = Release|Any CPU
		{6C1ED235-A84E-4FDC-A03C-92EABAE4B155}.Ad-Hoc|iPhoneSimulator.Build.0 = Release|Any CPU
		{6C1ED235-A84E-4FDC-A03C-92EABAE4B155}.AppStore|Any CPU.ActiveCfg = Release|Any CPU
		{6C1ED235-A84E-4FDC-A03C-92EABAE4B155}.AppStore|Any CPU.Build.0 = Release|Any CPU
		{6C1ED235-A84E-4FDC-A03C-92EABAE4B155}.AppStore|iPhone.ActiveCfg = Release|Any CPU
		{6C1ED235-A84E-4FDC-A03C-92EABAE4B155}.AppStore|iPhone.Build.0 = Release|Any CPU
		{6C1ED235-A84E-4FDC-A03C-92EABAE4B155}.AppStore|iPhoneSimulator.ActiveCfg = Release|Any CPU
		{6C1ED235-A84E-4FDC-A03C-92EABAE4B155}.AppStore|iPhoneSimulator.Build.0 = Release|Any CPU
		{6C1ED235-A84E-4FDC-A03C-92EABAE4B155}.Debug|Any CPU.ActiveCfg = Debug|Any CPU
		{6C1ED235-A84E-4FDC-A03C-92EABAE4B155}.Debug|Any CPU.Build.0 = Debug|Any CPU
		{6C1ED235-A84E-4FDC-A03C-92EABAE4B155}.Debug|iPhone.ActiveCfg = Debug|Any CPU
		{6C1ED235-A84E-4FDC-A03C-92EABAE4B155}.Debug|iPhone.Build.0 = Debug|Any CPU
		{6C1ED235-A84E-4FDC-A03C-92EABAE4B155}.Debug|iPhoneSimulator.ActiveCfg = Debug|Any CPU
		{6C1ED235-A84E-4FDC-A03C-92EABAE4B155}.Debug|iPhoneSimulator.Build.0 = Debug|Any CPU
		{6C1ED235-A84E-4FDC-A03C-92EABAE4B155}.Release|Any CPU.ActiveCfg = Release|Any CPU
		{6C1ED235-A84E-4FDC-A03C-92EABAE4B155}.Release|Any CPU.Build.0 = Release|Any CPU
		{6C1ED235-A84E-4FDC-A03C-92EABAE4B155}.Release|iPhone.ActiveCfg = Release|Any CPU
		{6C1ED235-A84E-4FDC-A03C-92EABAE4B155}.Release|iPhone.Build.0 = Release|Any CPU
		{6C1ED235-A84E-4FDC-A03C-92EABAE4B155}.Release|iPhoneSimulator.ActiveCfg = Release|Any CPU
		{6C1ED235-A84E-4FDC-A03C-92EABAE4B155}.Release|iPhoneSimulator.Build.0 = Release|Any CPU
		{D45FAEEC-42F8-4D01-862C-1042D6E7FA62}.Ad-Hoc|Any CPU.ActiveCfg = Debug|Any CPU
		{D45FAEEC-42F8-4D01-862C-1042D6E7FA62}.Ad-Hoc|Any CPU.Build.0 = Debug|Any CPU
		{D45FAEEC-42F8-4D01-862C-1042D6E7FA62}.Ad-Hoc|iPhone.ActiveCfg = Debug|Any CPU
		{D45FAEEC-42F8-4D01-862C-1042D6E7FA62}.Ad-Hoc|iPhone.Build.0 = Debug|Any CPU
		{D45FAEEC-42F8-4D01-862C-1042D6E7FA62}.Ad-Hoc|iPhoneSimulator.ActiveCfg = Debug|Any CPU
		{D45FAEEC-42F8-4D01-862C-1042D6E7FA62}.Ad-Hoc|iPhoneSimulator.Build.0 = Debug|Any CPU
		{D45FAEEC-42F8-4D01-862C-1042D6E7FA62}.AppStore|Any CPU.ActiveCfg = Debug|Any CPU
		{D45FAEEC-42F8-4D01-862C-1042D6E7FA62}.AppStore|Any CPU.Build.0 = Debug|Any CPU
		{D45FAEEC-42F8-4D01-862C-1042D6E7FA62}.AppStore|iPhone.ActiveCfg = Debug|Any CPU
		{D45FAEEC-42F8-4D01-862C-1042D6E7FA62}.AppStore|iPhone.Build.0 = Debug|Any CPU
		{D45FAEEC-42F8-4D01-862C-1042D6E7FA62}.AppStore|iPhoneSimulator.ActiveCfg = Debug|Any CPU
		{D45FAEEC-42F8-4D01-862C-1042D6E7FA62}.AppStore|iPhoneSimulator.Build.0 = Debug|Any CPU
		{D45FAEEC-42F8-4D01-862C-1042D6E7FA62}.Debug|Any CPU.ActiveCfg = Debug|Any CPU
		{D45FAEEC-42F8-4D01-862C-1042D6E7FA62}.Debug|Any CPU.Build.0 = Debug|Any CPU
		{D45FAEEC-42F8-4D01-862C-1042D6E7FA62}.Debug|iPhone.ActiveCfg = Debug|Any CPU
		{D45FAEEC-42F8-4D01-862C-1042D6E7FA62}.Debug|iPhone.Build.0 = Debug|Any CPU
		{D45FAEEC-42F8-4D01-862C-1042D6E7FA62}.Debug|iPhoneSimulator.ActiveCfg = Debug|Any CPU
		{D45FAEEC-42F8-4D01-862C-1042D6E7FA62}.Debug|iPhoneSimulator.Build.0 = Debug|Any CPU
		{D45FAEEC-42F8-4D01-862C-1042D6E7FA62}.Release|Any CPU.ActiveCfg = Release|Any CPU
		{D45FAEEC-42F8-4D01-862C-1042D6E7FA62}.Release|Any CPU.Build.0 = Release|Any CPU
		{D45FAEEC-42F8-4D01-862C-1042D6E7FA62}.Release|iPhone.ActiveCfg = Release|Any CPU
		{D45FAEEC-42F8-4D01-862C-1042D6E7FA62}.Release|iPhone.Build.0 = Release|Any CPU
		{D45FAEEC-42F8-4D01-862C-1042D6E7FA62}.Release|iPhoneSimulator.ActiveCfg = Release|Any CPU
		{D45FAEEC-42F8-4D01-862C-1042D6E7FA62}.Release|iPhoneSimulator.Build.0 = Release|Any CPU
		{0C93CA32-B82D-4AD9-B908-1861120F3174}.Ad-Hoc|Any CPU.ActiveCfg = Release|Any CPU
		{0C93CA32-B82D-4AD9-B908-1861120F3174}.Ad-Hoc|Any CPU.Build.0 = Release|Any CPU
		{0C93CA32-B82D-4AD9-B908-1861120F3174}.Ad-Hoc|Any CPU.Deploy.0 = Release|Any CPU
		{0C93CA32-B82D-4AD9-B908-1861120F3174}.Ad-Hoc|iPhone.ActiveCfg = Release|Any CPU
		{0C93CA32-B82D-4AD9-B908-1861120F3174}.Ad-Hoc|iPhone.Build.0 = Release|Any CPU
		{0C93CA32-B82D-4AD9-B908-1861120F3174}.Ad-Hoc|iPhone.Deploy.0 = Release|Any CPU
		{0C93CA32-B82D-4AD9-B908-1861120F3174}.Ad-Hoc|iPhoneSimulator.ActiveCfg = Release|Any CPU
		{0C93CA32-B82D-4AD9-B908-1861120F3174}.Ad-Hoc|iPhoneSimulator.Build.0 = Release|Any CPU
		{0C93CA32-B82D-4AD9-B908-1861120F3174}.Ad-Hoc|iPhoneSimulator.Deploy.0 = Release|Any CPU
		{0C93CA32-B82D-4AD9-B908-1861120F3174}.AppStore|Any CPU.ActiveCfg = Release|Any CPU
		{0C93CA32-B82D-4AD9-B908-1861120F3174}.AppStore|Any CPU.Build.0 = Release|Any CPU
		{0C93CA32-B82D-4AD9-B908-1861120F3174}.AppStore|Any CPU.Deploy.0 = Release|Any CPU
		{0C93CA32-B82D-4AD9-B908-1861120F3174}.AppStore|iPhone.ActiveCfg = Release|Any CPU
		{0C93CA32-B82D-4AD9-B908-1861120F3174}.AppStore|iPhone.Build.0 = Release|Any CPU
		{0C93CA32-B82D-4AD9-B908-1861120F3174}.AppStore|iPhone.Deploy.0 = Release|Any CPU
		{0C93CA32-B82D-4AD9-B908-1861120F3174}.AppStore|iPhoneSimulator.ActiveCfg = Release|Any CPU
		{0C93CA32-B82D-4AD9-B908-1861120F3174}.AppStore|iPhoneSimulator.Build.0 = Release|Any CPU
		{0C93CA32-B82D-4AD9-B908-1861120F3174}.AppStore|iPhoneSimulator.Deploy.0 = Release|Any CPU
		{0C93CA32-B82D-4AD9-B908-1861120F3174}.Debug|Any CPU.ActiveCfg = Debug|Any CPU
		{0C93CA32-B82D-4AD9-B908-1861120F3174}.Debug|Any CPU.Build.0 = Debug|Any CPU
		{0C93CA32-B82D-4AD9-B908-1861120F3174}.Debug|Any CPU.Deploy.0 = Debug|Any CPU
		{0C93CA32-B82D-4AD9-B908-1861120F3174}.Debug|iPhone.ActiveCfg = Debug|Any CPU
		{0C93CA32-B82D-4AD9-B908-1861120F3174}.Debug|iPhone.Build.0 = Debug|Any CPU
		{0C93CA32-B82D-4AD9-B908-1861120F3174}.Debug|iPhone.Deploy.0 = Debug|Any CPU
		{0C93CA32-B82D-4AD9-B908-1861120F3174}.Debug|iPhoneSimulator.ActiveCfg = Debug|Any CPU
		{0C93CA32-B82D-4AD9-B908-1861120F3174}.Debug|iPhoneSimulator.Build.0 = Debug|Any CPU
		{0C93CA32-B82D-4AD9-B908-1861120F3174}.Debug|iPhoneSimulator.Deploy.0 = Debug|Any CPU
		{0C93CA32-B82D-4AD9-B908-1861120F3174}.Release|Any CPU.ActiveCfg = Release|Any CPU
		{0C93CA32-B82D-4AD9-B908-1861120F3174}.Release|Any CPU.Build.0 = Release|Any CPU
		{0C93CA32-B82D-4AD9-B908-1861120F3174}.Release|Any CPU.Deploy.0 = Release|Any CPU
		{0C93CA32-B82D-4AD9-B908-1861120F3174}.Release|iPhone.ActiveCfg = Release|Any CPU
		{0C93CA32-B82D-4AD9-B908-1861120F3174}.Release|iPhone.Build.0 = Release|Any CPU
		{0C93CA32-B82D-4AD9-B908-1861120F3174}.Release|iPhone.Deploy.0 = Release|Any CPU
		{0C93CA32-B82D-4AD9-B908-1861120F3174}.Release|iPhoneSimulator.ActiveCfg = Release|Any CPU
		{0C93CA32-B82D-4AD9-B908-1861120F3174}.Release|iPhoneSimulator.Build.0 = Release|Any CPU
		{0C93CA32-B82D-4AD9-B908-1861120F3174}.Release|iPhoneSimulator.Deploy.0 = Release|Any CPU
		{E0EEA0D6-6419-450F-B1C1-1E0550FF7CA1}.Ad-Hoc|Any CPU.ActiveCfg = Ad-Hoc|iPhone
		{E0EEA0D6-6419-450F-B1C1-1E0550FF7CA1}.Ad-Hoc|iPhone.ActiveCfg = Ad-Hoc|iPhone
		{E0EEA0D6-6419-450F-B1C1-1E0550FF7CA1}.Ad-Hoc|iPhone.Build.0 = Ad-Hoc|iPhone
		{E0EEA0D6-6419-450F-B1C1-1E0550FF7CA1}.Ad-Hoc|iPhoneSimulator.ActiveCfg = Ad-Hoc|iPhoneSimulator
		{E0EEA0D6-6419-450F-B1C1-1E0550FF7CA1}.Ad-Hoc|iPhoneSimulator.Build.0 = Ad-Hoc|iPhoneSimulator
		{E0EEA0D6-6419-450F-B1C1-1E0550FF7CA1}.AppStore|Any CPU.ActiveCfg = AppStore|iPhone
		{E0EEA0D6-6419-450F-B1C1-1E0550FF7CA1}.AppStore|iPhone.ActiveCfg = AppStore|iPhone
		{E0EEA0D6-6419-450F-B1C1-1E0550FF7CA1}.AppStore|iPhone.Build.0 = AppStore|iPhone
		{E0EEA0D6-6419-450F-B1C1-1E0550FF7CA1}.AppStore|iPhoneSimulator.ActiveCfg = AppStore|iPhoneSimulator
		{E0EEA0D6-6419-450F-B1C1-1E0550FF7CA1}.AppStore|iPhoneSimulator.Build.0 = AppStore|iPhoneSimulator
		{E0EEA0D6-6419-450F-B1C1-1E0550FF7CA1}.Debug|Any CPU.ActiveCfg = Debug|iPhone
		{E0EEA0D6-6419-450F-B1C1-1E0550FF7CA1}.Debug|iPhone.ActiveCfg = Debug|iPhone
		{E0EEA0D6-6419-450F-B1C1-1E0550FF7CA1}.Debug|iPhone.Build.0 = Debug|iPhone
		{E0EEA0D6-6419-450F-B1C1-1E0550FF7CA1}.Debug|iPhoneSimulator.ActiveCfg = Debug|iPhoneSimulator
		{E0EEA0D6-6419-450F-B1C1-1E0550FF7CA1}.Debug|iPhoneSimulator.Build.0 = Debug|iPhoneSimulator
		{E0EEA0D6-6419-450F-B1C1-1E0550FF7CA1}.Release|Any CPU.ActiveCfg = Release|iPhone
		{E0EEA0D6-6419-450F-B1C1-1E0550FF7CA1}.Release|iPhone.ActiveCfg = Release|iPhone
		{E0EEA0D6-6419-450F-B1C1-1E0550FF7CA1}.Release|iPhone.Build.0 = Release|iPhone
		{E0EEA0D6-6419-450F-B1C1-1E0550FF7CA1}.Release|iPhoneSimulator.ActiveCfg = Release|iPhoneSimulator
		{E0EEA0D6-6419-450F-B1C1-1E0550FF7CA1}.Release|iPhoneSimulator.Build.0 = Release|iPhoneSimulator
	EndGlobalSection
	GlobalSection(SolutionProperties) = preSolution
		HideSolutionNode = FALSE
	EndGlobalSection
	GlobalSection(ExtensibilityGlobals) = postSolution
		SolutionGuid = {DB20A272-38D1-4B22-A130-A718A19EE901}
	EndGlobalSection
EndGlobal
